{
  "name": "uniapp-simple-sample",
  "version": "1.0.0",
  "lockfileVersion": 2,
  "requires": true,
  "packages": {
    "": {
      "name": "uniapp-simple-sample",
      "version": "1.0.0",
      "license": "ISC",
      "dependencies": {
        "scss": "^0.2.4",
        "scss-loader": "^0.0.1",
        "zego-express-engine-miniprogram": "^2.10.4"
      }
    },
    "node_modules/ometa": {
      "version": "0.2.2",
      "resolved": "https://registry.npmmirror.com/ometa/-/ometa-0.2.2.tgz",
      "integrity": "sha512-LZuoK/yjU3FvrxPjUXUlZ1bavCfBPqauA7fsNdwi+AVhRdyk2IzgP3JRnevvjzQ6fKHdUw8YISshf53FmpHrng==",
      "engines": {
        "node": ">= 0.2.0"
      }
    },
    "node_modules/scss": {
      "version": "0.2.4",
      "resolved": "https://registry.npmmirror.com/scss/-/scss-0.2.4.tgz",
      "integrity": "sha512-4u8V87F+Q/upVhUmhPnB4C1R11xojkRkWjExL2v0CX2EXTg18VrKd+9JWoeyCp2VEMdSpJsyAvVU+rVjogh51A==",
      "dependencies": {
        "ometa": "0.2.2"
      },
      "engines": {
        "node": ">= 0.2.0"
      }
    },
    "node_modules/scss-loader": {
      "version": "0.0.1",
      "resolved": "https://registry.npmmirror.com/scss-loader/-/scss-loader-0.0.1.tgz",
      "integrity": "sha512-SbT/smRJjkvvdHSEdAYAplosVkrtaSwwgUlnQCOuDS5sOKNjrS/eYCMvKeV6+YxK5cCOCsOJZd3vltrXatFp+g=="
    },
    "node_modules/zego-express-engine-miniprogram": {
      "version": "2.10.4",
      "resolved": "https://registry.npmmirror.com/zego-express-engine-miniprogram/-/zego-express-engine-miniprogram-2.10.4.tgz",
      "integrity": "sha512-aqqmFAHGl949E8tsiwP07QeG86LEetc03LeqPSDz66WqxMvo3yQ9tJe1q+A3a+6PXakEMo7wOcNIXZz10m7Rtg=="
    }
  },
  "dependencies": {
    "ometa": {
      "version": "0.2.2",
      "resolved": "https://registry.npmmirror.com/ometa/-/ometa-0.2.2.tgz",
      "integrity": "sha512-LZuoK/yjU3FvrxPjUXUlZ1bavCfBPqauA7fsNdwi+AVhRdyk2IzgP3JRnevvjzQ6fKHdUw8YISshf53FmpHrng=="
    },
    "scss": {
      "version": "0.2.4",
      "resolved": "https://registry.npmmirror.com/scss/-/scss-0.2.4.tgz",
      "integrity": "sha512-4u8V87F+Q/upVhUmhPnB4C1R11xojkRkWjExL2v0CX2EXTg18VrKd+9JWoeyCp2VEMdSpJsyAvVU+rVjogh51A==",
      "requires": {
        "ometa": "0.2.2"
      }
    },
    "scss-loader": {
      "version": "0.0.1",
      "resolved": "https://registry.npmmirror.com/scss-loader/-/scss-loader-0.0.1.tgz",
      "integrity": "sha512-SbT/smRJjkvvdHSEdAYAplosVkrtaSwwgUlnQCOuDS5sOKNjrS/eYCMvKeV6+YxK5cCOCsOJZd3vltrXatFp+g=="
    },
    "zego-express-engine-miniprogram": {
      "version": "2.10.4",
      "resolved": "https://registry.npmmirror.com/zego-express-engine-miniprogram/-/zego-express-engine-miniprogram-2.10.4.tgz",
      "integrity": "sha512-aqqmFAHGl949E8tsiwP07QeG86LEetc03LeqPSDz66WqxMvo3yQ9tJe1q+A3a+6PXakEMo7wOcNIXZz10m7Rtg=="
    }
  }
}
